// !$*UTF8*$!
{
	archiveVersion = 1;
	classes = {
	};
	objectVersion = 50;
	objects = {

/* Begin PBXBuildFile section */
		D25F4F422499191E0024896F /* AppDelegate.swift in Sources */ = {isa = PBXBuildFile; fileRef = D25F4F412499191E0024896F /* AppDelegate.swift */; };
		D25F4F442499191E0024896F /* SceneDelegate.swift in Sources */ = {isa = PBXBuildFile; fileRef = D25F4F432499191E0024896F /* SceneDelegate.swift */; };
		D25F4F4B2499191E0024896F /* Main.storyboard in Resources */ = {isa = PBXBuildFile; fileRef = D25F4F492499191E0024896F /* Main.storyboard */; };
		D25F4F4D249919200024896F /* Assets.xcassets in Resources */ = {isa = PBXBuildFile; fileRef = D25F4F4C249919200024896F /* Assets.xcassets */; };
		D25F4F50249919200024896F /* LaunchScreen.storyboard in Resources */ = {isa = PBXBuildFile; fileRef = D25F4F4E249919200024896F /* LaunchScreen.storyboard */; };
		D25F4F75249925930024896F /* CalenderViewController.swift in Sources */ = {isa = PBXBuildFile; fileRef = D25F4F74249925930024896F /* CalenderViewController.swift */; };
		D25F4F79249952930024896F /* NewAssignmentViewController.swift in Sources */ = {isa = PBXBuildFile; fileRef = D25F4F78249952930024896F /* NewAssignmentViewController.swift */; };
		D26A7D9C249C1133001239A4 /* TableViewController.swift in Sources */ = {isa = PBXBuildFile; fileRef = D26A7D9B249C1133001239A4 /* TableViewController.swift */; };
		D26A7DA1249D61D6001239A4 /* Classes.xcdatamodeld in Sources */ = {isa = PBXBuildFile; fileRef = D26A7D9F249D61D6001239A4 /* Classes.xcdatamodeld */; };
		D26A7DA4249D62D9001239A4 /* Class+CoreDataClass.swift in Sources */ = {isa = PBXBuildFile; fileRef = D26A7DA2249D62D9001239A4 /* Class+CoreDataClass.swift */; };
		D26A7DA5249D62D9001239A4 /* Class+CoreDataProperties.swift in Sources */ = {isa = PBXBuildFile; fileRef = D26A7DA3249D62D9001239A4 /* Class+CoreDataProperties.swift */; };
		D26A7DA8249D65D3001239A4 /* ClassTableViewController.swift in Sources */ = {isa = PBXBuildFile; fileRef = D26A7DA7249D65D3001239A4 /* ClassTableViewController.swift */; };
		D26A7DAB249E797D001239A4 /* AssignmentsTableViewController.swift in Sources */ = {isa = PBXBuildFile; fileRef = D26A7DAA249E797D001239A4 /* AssignmentsTableViewController.swift */; };
		D26A7DAF24A05F5A001239A4 /* AssignmentClassTableViewController.swift in Sources */ = {isa = PBXBuildFile; fileRef = D26A7DAE24A05F5A001239A4 /* AssignmentClassTableViewController.swift */; };
		D26A7DB124A16CE4001239A4 /* SettingsViewController.swift in Sources */ = {isa = PBXBuildFile; fileRef = D26A7DB024A16CE4001239A4 /* SettingsViewController.swift */; };
/* End PBXBuildFile section */

/* Begin PBXFileReference section */
		D25F4F3E2499191E0024896F /* Planner.app */ = {isa = PBXFileReference; explicitFileType = wrapper.application; includeInIndex = 0; path = Planner.app; sourceTree = BUILT_PRODUCTS_DIR; };
		D25F4F412499191E0024896F /* AppDelegate.swift */ = {isa = PBXFileReference; lastKnownFileType = sourcecode.swift; path = AppDelegate.swift; sourceTree = "<group>"; };
		D25F4F432499191E0024896F /* SceneDelegate.swift */ = {isa = PBXFileReference; lastKnownFileType = sourcecode.swift; path = SceneDelegate.swift; sourceTree = "<group>"; };
		D25F4F4A2499191E0024896F /* Base */ = {isa = PBXFileReference; lastKnownFileType = file.storyboard; name = Base; path = Base.lproj/Main.storyboard; sourceTree = "<group>"; };
		D25F4F4C249919200024896F /* Assets.xcassets */ = {isa = PBXFileReference; lastKnownFileType = folder.assetcatalog; path = Assets.xcassets; sourceTree = "<group>"; };
		D25F4F4F249919200024896F /* Base */ = {isa = PBXFileReference; lastKnownFileType = file.storyboard; name = Base; path = Base.lproj/LaunchScreen.storyboard; sourceTree = "<group>"; };
		D25F4F51249919200024896F /* Info.plist */ = {isa = PBXFileReference; lastKnownFileType = text.plist.xml; path = Info.plist; sourceTree = "<group>"; };
		D25F4F74249925930024896F /* CalenderViewController.swift */ = {isa = PBXFileReference; lastKnownFileType = sourcecode.swift; path = CalenderViewController.swift; sourceTree = "<group>"; };
		D25F4F78249952930024896F /* NewAssignmentViewController.swift */ = {isa = PBXFileReference; lastKnownFileType = sourcecode.swift; path = NewAssignmentViewController.swift; sourceTree = "<group>"; };
		D26A7D9B249C1133001239A4 /* TableViewController.swift */ = {isa = PBXFileReference; lastKnownFileType = sourcecode.swift; path = TableViewController.swift; sourceTree = "<group>"; };
		D26A7DA0249D61D6001239A4 /* Classes.xcdatamodel */ = {isa = PBXFileReference; lastKnownFileType = wrapper.xcdatamodel; path = Classes.xcdatamodel; sourceTree = "<group>"; };
		D26A7DA2249D62D9001239A4 /* Class+CoreDataClass.swift */ = {isa = PBXFileReference; lastKnownFileType = sourcecode.swift; path = "Class+CoreDataClass.swift"; sourceTree = "<group>"; };
		D26A7DA3249D62D9001239A4 /* Class+CoreDataProperties.swift */ = {isa = PBXFileReference; lastKnownFileType = sourcecode.swift; path = "Class+CoreDataProperties.swift"; sourceTree = "<group>"; };
		D26A7DA7249D65D3001239A4 /* ClassTableViewController.swift */ = {isa = PBXFileReference; lastKnownFileType = sourcecode.swift; path = ClassTableViewController.swift; sourceTree = "<group>"; };
		D26A7DAA249E797D001239A4 /* AssignmentsTableViewController.swift */ = {isa = PBXFileReference; lastKnownFileType = sourcecode.swift; path = AssignmentsTableViewController.swift; sourceTree = "<group>"; };
		D26A7DAE24A05F5A001239A4 /* AssignmentClassTableViewController.swift */ = {isa = PBXFileReference; lastKnownFileType = sourcecode.swift; path = AssignmentClassTableViewController.swift; sourceTree = "<group>"; };
		D26A7DB024A16CE4001239A4 /* SettingsViewController.swift */ = {isa = PBXFileReference; lastKnownFileType = sourcecode.swift; path = SettingsViewController.swift; sourceTree = "<group>"; };
/* End PBXFileReference section */

/* Begin PBXFrameworksBuildPhase section */
		D25F4F3B2499191E0024896F /* Frameworks */ = {
			isa = PBXFrameworksBuildPhase;
			buildActionMask = 2147483647;
			files = (
			);
			runOnlyForDeploymentPostprocessing = 0;
		};
/* End PBXFrameworksBuildPhase section */

/* Begin PBXGroup section */
		D25F4F352499191E0024896F = {
			isa = PBXGroup;
			children = (
				D25F4F5924991E920024896F /* Images */,
				D25F4F3F2499191E0024896F /* Products */,
				D25F4F402499191E0024896F /* Planner */,
			);
			sourceTree = "<group>";
		};
		D25F4F3F2499191E0024896F /* Products */ = {
			isa = PBXGroup;
			children = (
				D25F4F3E2499191E0024896F /* Planner.app */,
			);
			name = Products;
			sourceTree = "<group>";
		};
		D25F4F402499191E0024896F /* Planner */ = {
			isa = PBXGroup;
			children = (
				D25F4F412499191E0024896F /* AppDelegate.swift */,
				D25F4F432499191E0024896F /* SceneDelegate.swift */,
				D25F4F492499191E0024896F /* Main.storyboard */,
				D25F4F4C249919200024896F /* Assets.xcassets */,
				D25F4F4E249919200024896F /* LaunchScreen.storyboard */,
				D25F4F51249919200024896F /* Info.plist */,
				D25F4F74249925930024896F /* CalenderViewController.swift */,
				D25F4F78249952930024896F /* NewAssignmentViewController.swift */,
				D26A7D9F249D61D6001239A4 /* Classes.xcdatamodeld */,
				D26A7D9B249C1133001239A4 /* TableViewController.swift */,
				D26A7DA7249D65D3001239A4 /* ClassTableViewController.swift */,
				D26A7DA3249D62D9001239A4 /* Class+CoreDataProperties.swift */,
				D26A7DA2249D62D9001239A4 /* Class+CoreDataClass.swift */,
				D26A7DAA249E797D001239A4 /* AssignmentsTableViewController.swift */,
				D26A7DAE24A05F5A001239A4 /* AssignmentClassTableViewController.swift */,
				D26A7DB024A16CE4001239A4 /* SettingsViewController.swift */,
			);
			path = Planner;
			sourceTree = "<group>";
		};
		D25F4F5924991E920024896F /* Images */ = {
			isa = PBXGroup;
			children = (
			);
			path = Images;
			sourceTree = "<group>";
		};
/* End PBXGroup section */

/* Begin PBXNativeTarget section */
		D25F4F3D2499191E0024896F /* Planner */ = {
			isa = PBXNativeTarget;
			buildConfigurationList = D25F4F54249919200024896F /* Build configuration list for PBXNativeTarget "Planner" */;
			buildPhases = (
				D25F4F3A2499191E0024896F /* Sources */,
				D25F4F3B2499191E0024896F /* Frameworks */,
				D25F4F3C2499191E0024896F /* Resources */,
			);
			buildRules = (
			);
			dependencies = (
			);
			name = Planner;
			productName = Planner;
			productReference = D25F4F3E2499191E0024896F /* Planner.app */;
			productType = "com.apple.product-type.application";
		};
/* End PBXNativeTarget section */

/* Begin PBXProject section */
		D25F4F362499191E0024896F /* Project object */ = {
			isa = PBXProject;
			attributes = {
				LastSwiftUpdateCheck = 1150;
				LastUpgradeCheck = 1150;
				ORGANIZATIONNAME = "Christina Chau";
				TargetAttributes = {
					D25F4F3D2499191E0024896F = {
						CreatedOnToolsVersion = 11.5;
					};
				};
			};
			buildConfigurationList = D25F4F392499191E0024896F /* Build configuration list for PBXProject "Planner" */;
			compatibilityVersion = "Xcode 9.3";
			developmentRegion = en;
			hasScannedForEncodings = 0;
			knownRegions = (
				en,
				Base,
			);
			mainGroup = D25F4F352499191E0024896F;
			productRefGroup = D25F4F3F2499191E0024896F /* Products */;
			projectDirPath = "";
			projectRoot = "";
			targets = (
				D25F4F3D2499191E0024896F /* Planner */,
			);
		};
/* End PBXProject section */

/* Begin PBXResourcesBuildPhase section */
		D25F4F3C2499191E0024896F /* Resources */ = {
			isa = PBXResourcesBuildPhase;
			buildActionMask = 2147483647;
			files = (
				D25F4F50249919200024896F /* LaunchScreen.storyboard in Resources */,
				D25F4F4D249919200024896F /* Assets.xcassets in Resources */,
				D25F4F4B2499191E0024896F /* Main.storyboard in Resources */,
			);
			runOnlyForDeploymentPostprocessing = 0;
		};
/* End PBXResourcesBuildPhase section */

/* Begin PBXSourcesBuildPhase section */
		D25F4F3A2499191E0024896F /* Sources */ = {
			isa = PBXSourcesBuildPhase;
			buildActionMask = 2147483647;
			files = (
				D26A7DAF24A05F5A001239A4 /* AssignmentClassTableViewController.swift in Sources */,
				D26A7DA5249D62D9001239A4 /* Class+CoreDataProperties.swift in Sources */,
				D26A7D9C249C1133001239A4 /* TableViewController.swift in Sources */,
				D26A7DA1249D61D6001239A4 /* Classes.xcdatamodeld in Sources */,
				D25F4F79249952930024896F /* NewAssignmentViewController.swift in Sources */,
				D26A7DA4249D62D9001239A4 /* Class+CoreDataClass.swift in Sources */,
				D25F4F75249925930024896F /* CalenderViewController.swift in Sources */,
				D26A7DA8249D65D3001239A4 /* ClassTableViewController.swift in Sources */,
				D25F4F422499191E0024896F /* AppDelegate.swift in Sources */,
				D26A7DAB249E797D001239A4 /* AssignmentsTableViewController.swift in Sources */,
				D25F4F442499191E0024896F /* SceneDelegate.swift in Sources */,
				D26A7DB124A16CE4001239A4 /* SettingsViewController.swift in Sources */,
			);
			runOnlyForDeploymentPostprocessing = 0;
		};
/* End PBXSourcesBuildPhase section */

/* Begin PBXVariantGroup section */
		D25F4F492499191E0024896F /* Main.storyboard */ = {
			isa = PBXVariantGroup;
			children = (
				D25F4F4A2499191E0024896F /* Base */,
			);
			name = Main.storyboard;
			sourceTree = "<group>";
		};
		D25F4F4E249919200024896F /* LaunchScreen.storyboard */ = {
			isa = PBXVariantGroup;
			children = (
				D25F4F4F249919200024896F /* Base */,
			);
			name = LaunchScreen.storyboard;
			sourceTree = "<group>";
		};
/* End PBXVariantGroup section */

/* Begin XCBuildConfiguration section */
		D25F4F52249919200024896F /* Debug */ = {
			isa = XCBuildConfiguration;
			buildSettings = {
				ALWAYS_SEARCH_USER_PATHS = NO;
				CLANG_ANALYZER_NONNULL = YES;
				CLANG_ANALYZER_NUMBER_OBJECT_CONVERSION = YES_AGGRESSIVE;
				CLANG_CXX_LANGUAGE_STANDARD = "gnu++14";
				CLANG_CXX_LIBRARY = "libc++";
				CLANG_ENABLE_MODULES = YES;
				CLANG_ENABLE_OBJC_ARC = YES;
				CLANG_ENABLE_OBJC_WEAK = YES;
				CLANG_WARN_BLOCK_CAPTURE_AUTORELEASING = YES;
				CLANG_WARN_BOOL_CONVERSION = YES;
				CLANG_WARN_COMMA = YES;
				CLANG_WARN_CONSTANT_CONVERSION = YES;
				CLANG_WARN_DEPRECATED_OBJC_IMPLEMENTATIONS = YES;
				CLANG_WARN_DIRECT_OBJC_ISA_USAGE = YES_ERROR;
				CLANG_WARN_DOCUMENTATION_COMMENTS = YES;
				CLANG_WARN_EMPTY_BODY = YES;
				CLANG_WARN_ENUM_CONVERSION = YES;
				CLANG_WARN_INFINITE_RECURSION = YES;
				CLANG_WARN_INT_CONVERSION = YES;
				CLANG_WARN_NON_LITERAL_NULL_CONVERSION = YES;
				CLANG_WARN_OBJC_IMPLICIT_RETAIN_SELF = YES;
				CLANG_WARN_OBJC_LITERAL_CONVERSION = YES;
				CLANG_WARN_OBJC_ROOT_CLASS = YES_ERROR;
				CLANG_WARN_RANGE_LOOP_ANALYSIS = YES;
				CLANG_WARN_STRICT_PROTOTYPES = YES;
				CLANG_WARN_SUSPICIOUS_MOVE = YES;
				CLANG_WARN_UNGUARDED_AVAILABILITY = YES_AGGRESSIVE;
				CLANG_WARN_UNREACHABLE_CODE = YES;
				CLANG_WARN__DUPLICATE_METHOD_MATCH = YES;
				COPY_PHASE_STRIP = NO;
				DEBUG_INFORMATION_FORMAT = dwarf;
				ENABLE_STRICT_OBJC_MSGSEND = YES;
				ENABLE_TESTABILITY = YES;
				GCC_C_LANGUAGE_STANDARD = gnu11;
				GCC_DYNAMIC_NO_PIC = NO;
				GCC_NO_COMMON_BLOCKS = YES;
				GCC_OPTIMIZATION_LEVEL = 0;
				GCC_PREPROCESSOR_DEFINITIONS = (
					"DEBUG=1",
					"$(inherited)",
				);
				GCC_WARN_64_TO_32_BIT_CONVERSION = YES;
				GCC_WARN_ABOUT_RETURN_TYPE = YES_ERROR;
				GCC_WARN_UNDECLARED_SELECTOR = YES;
				GCC_WARN_UNINITIALIZED_AUTOS = YES_AGGRESSIVE;
				GCC_WARN_UNUSED_FUNCTION = YES;
				GCC_WARN_UNUSED_VARIABLE = YES;
				IPHONEOS_DEPLOYMENT_TARGET = 13.5;
				MTL_ENABLE_DEBUG_INFO = INCLUDE_SOURCE;
				MTL_FAST_MATH = YES;
				ONLY_ACTIVE_ARCH = YES;
				SDKROOT = iphoneos;
				SWIFT_ACTIVE_COMPILATION_CONDITIONS = DEBUG;
				SWIFT_OPTIMIZATION_LEVEL = "-Onone";
			};
			name = Debug;
		};
		D25F4F53249919200024896F /* Release */ = {
			isa = XCBuildConfiguration;
			buildSettings = {
				ALWAYS_SEARCH_USER_PATHS = NO;
				CLANG_ANALYZER_NONNULL = YES;
				CLANG_ANALYZER_NUMBER_OBJECT_CONVERSION = YES_AGGRESSIVE;
				CLANG_CXX_LANGUAGE_STANDARD = "gnu++14";
				CLANG_CXX_LIBRARY = "libc++";
				CLANG_ENABLE_MODULES = YES;
				CLANG_ENABLE_OBJC_ARC = YES;
				CLANG_ENABLE_OBJC_WEAK = YES;
				CLANG_WARN_BLOCK_CAPTURE_AUTORELEASING = YES;
				CLANG_WARN_BOOL_CONVERSION = YES;
				CLANG_WARN_COMMA = YES;
				CLANG_WARN_CONSTANT_CONVERSION = YES;
				CLANG_WARN_DEPRECATED_OBJC_IMPLEMENTATIONS = YES;
				CLANG_WARN_DIRECT_OBJC_ISA_USAGE = YES_ERROR;
				CLANG_WARN_DOCUMENTATION_COMMENTS = YES;
				CLANG_WARN_EMPTY_BODY = YES;
				CLANG_WARN_ENUM_CONVERSION = YES;
				CLANG_WARN_INFINITE_RECURSION = YES;
				CLANG_WARN_INT_CONVERSION = YES;
				CLANG_WARN_NON_LITERAL_NULL_CONVERSION = YES;
				CLANG_WARN_OBJC_IMPLICIT_RETAIN_SELF = YES;
				CLANG_WARN_OBJC_LITERAL_CONVERSION = YES;
				CLANG_WARN_OBJC_ROOT_CLASS = YES_ERROR;
				CLANG_WARN_RANGE_LOOP_ANALYSIS = YES;
				CLANG_WARN_STRICT_PROTOTYPES = YES;
				CLANG_WARN_SUSPICIOUS_MOVE = YES;
				CLANG_WARN_UNGUARDED_AVAILABILITY = YES_AGGRESSIVE;
				CLANG_WARN_UNREACHABLE_CODE = YES;
				CLANG_WARN__DUPLICATE_METHOD_MATCH = YES;
				COPY_PHASE_STRIP = NO;
				DEBUG_INFORMATION_FORMAT = "dwarf-with-dsym";
				ENABLE_NS_ASSERTIONS = NO;
				ENABLE_STRICT_OBJC_MSGSEND = YES;
				GCC_C_LANGUAGE_STANDARD = gnu11;
				GCC_NO_COMMON_BLOCKS = YES;
				GCC_WARN_64_TO_32_BIT_CONVERSION = YES;
				GCC_WARN_ABOUT_RETURN_TYPE = YES_ERROR;
				GCC_WARN_UNDECLARED_SELECTOR = YES;
				GCC_WARN_UNINITIALIZED_AUTOS = YES_AGGRESSIVE;
				GCC_WARN_UNUSED_FUNCTION = YES;
				GCC_WARN_UNUSED_VARIABLE = YES;
				IPHONEOS_DEPLOYMENT_TARGET = 13.5;
				MTL_ENABLE_DEBUG_INFO = NO;
				MTL_FAST_MATH = YES;
				SDKROOT = iphoneos;
				SWIFT_COMPILATION_MODE = wholemodule;
				SWIFT_OPTIMIZATION_LEVEL = "-O";
				VALIDATE_PRODUCT = YES;
			};
			name = Release;
		};
		D25F4F55249919200024896F /* Debug */ = {
			isa = XCBuildConfiguration;
			buildSettings = {
				ASSETCATALOG_COMPILER_APPICON_NAME = AppIcon;
				CODE_SIGN_STYLE = Automatic;
				INFOPLIST_FILE = Planner/Info.plist;
				LD_RUNPATH_SEARCH_PATHS = (
					"$(inherited)",
					"@executable_path/Frameworks",
				);
				PRODUCT_BUNDLE_IDENTIFIER = com.mycompany.Planner;
				PRODUCT_NAME = "$(TARGET_NAME)";
				SWIFT_VERSION = 5.0;
				TARGETED_DEVICE_FAMILY = "1,2";
			};
			name = Debug;
		};
		D25F4F56249919200024896F /* Release */ = {
			isa = XCBuildConfiguration;
			buildSettings = {
				ASSETCATALOG_COMPILER_APPICON_NAME = AppIcon;
				CODE_SIGN_STYLE = Automatic;
				INFOPLIST_FILE = Planner/Info.plist;
				LD_RUNPATH_SEARCH_PATHS = (
					"$(inherited)",
					"@executable_path/Frameworks",
				);
				PRODUCT_BUNDLE_IDENTIFIER = com.mycompany.Planner;
				PRODUCT_NAME = "$(TARGET_NAME)";
				SWIFT_VERSION = 5.0;
				TARGETED_DEVICE_FAMILY = "1,2";
			};
			name = Release;
		};
/* End XCBuildConfiguration section */

/* Begin XCConfigurationList section */
		D25F4F392499191E0024896F /* Build configuration list for PBXProject "Planner" */ = {
			isa = XCConfigurationList;
			buildConfigurations = (
				D25F4F52249919200024896F /* Debug */,
				D25F4F53249919200024896F /* Release */,
			);
			defaultConfigurationIsVisible = 0;
			defaultConfigurationName = Release;
		};
		D25F4F54249919200024896F /* Build configuration list for PBXNativeTarget "Planner" */ = {
			isa = XCConfigurationList;
			buildConfigurations = (
				D25F4F55249919200024896F /* Debug */,
				D25F4F56249919200024896F /* Release */,
			);
			defaultConfigurationIsVisible = 0;
			defaultConfigurationName = Release;
		};
/* End XCConfigurationList section */

/* Begin XCVersionGroup section */
		D26A7D9F249D61D6001239A4 /* Classes.xcdatamodeld */ = {
			isa = XCVersionGroup;
			children = (
				D26A7DA0249D61D6001239A4 /* Classes.xcdatamodel */,
			);
			currentVersion = D26A7DA0249D61D6001239A4 /* Classes.xcdatamodel */;
			path = Classes.xcdatamodeld;
			sourceTree = "<group>";
			versionGroupType = wrapper.xcdatamodel;
		};
/* End XCVersionGroup section */
	};
	rootObject = D25F4F362499191E0024896F /* Project object */;
}
